
Microsoft Visual Studio Solution File, Format Version 12.00
# Visual Studio Version 17
VisualStudioVersion = 17.7.34031.279
MinimumVisualStudioVersion = 10.0.40219.1
Project("{FAE04EC0-301F-11D3-BF4B-00C04F79EFBC}") = "Loops1", "Loops1\Loops1.csproj", "{46E9A3A0-97C9-4B5C-8E96-AE8146BF6C4D}"
EndProject
Global
	GlobalSection(SolutionConfigurationPlatforms) = preSolution
		Debug|Any CPU = Debug|Any CPU
		Release|Any CPU = Release|Any CPU
	EndGlobalSection
	GlobalSection(ProjectConfigurationPlatforms) = postSolution
		{46E9A3A0-97C9-4B5C-8E96-AE8146BF6C4D}.Debug|Any CPU.ActiveCfg = Debug|Any CPU
		{46E9A3A0-97C9-4B5C-8E96-AE8146BF6C4D}.Debug|Any CPU.Build.0 = Debug|Any CPU
		{46E9A3A0-97C9-4B5C-8E96-AE8146BF6C4D}.Release|Any CPU.ActiveCfg = Release|Any CPU
		{46E9A3A0-97C9-4B5C-8E96-AE8146BF6C4D}.Release|Any CPU.Build.0 = Release|Any CPU
	EndGlobalSection
	GlobalSection(SolutionProperties) = preSolution
		HideSolutionNode = FALSE
	EndGlobalSection
	GlobalSection(ExtensibilityGlobals) = postSolution
		SolutionGuid = {B00B0DE7-B426-49A9-BBDC-EDEC0B2098CE}
	EndGlobalSection
EndGlobal
